
Microsoft Visual Studio Solution File, Format Version 12.00
# Visual Studio Version 16
VisualStudioVersion = 16.0.31005.135
MinimumVisualStudioVersion = 10.0.40219.1
Project("{FAE04EC0-301F-11D3-BF4B-00C04F79EFBC}") = "ProcessExcelFile", "ProcessExcelFile\ProcessExcelFile.csproj", "{E723A937-74A2-4508-995D-110976119495}"
EndProject
Global
	GlobalSection(SolutionConfigurationPlatforms) = preSolution
		Debug|Any CPU = Debug|Any CPU
		Release|Any CPU = Release|Any CPU
	EndGlobalSection
	GlobalSection(ProjectConfigurationPlatforms) = postSolution
		{E723A937-74A2-4508-995D-110976119495}.Debug|Any CPU.ActiveCfg = Debug|Any CPU
		{E723A937-74A2-4508-995D-110976119495}.Debug|Any CPU.Build.0 = Debug|Any CPU
		{E723A937-74A2-4508-995D-110976119495}.Release|Any CPU.ActiveCfg = Release|Any CPU
		{E723A937-74A2-4508-995D-110976119495}.Release|Any CPU.Build.0 = Release|Any CPU
	EndGlobalSection
	GlobalSection(SolutionProperties) = preSolution
		HideSolutionNode = FALSE
	EndGlobalSection
	GlobalSection(ExtensibilityGlobals) = postSolution
		SolutionGuid = {438D388F-6247-4B83-AD5E-96CD194F5584}
	EndGlobalSection
EndGlobal
